// !$*UTF8*$!
{
	archiveVersion = 1;
	classes = {
	};
	objectVersion = 46;
	objects = {

/* Begin PBXBuildFile section */
		6129395A19CD863B00121E97 /* .gitignore in Resources */ = {isa = PBXBuildFile; fileRef = 6129393719CD863B00121E97 /* .gitignore */; };
		6129395B19CD863B00121E97 /* .gitmodules in Resources */ = {isa = PBXBuildFile; fileRef = 6129393819CD863B00121E97 /* .gitmodules */; };
		6129395C19CD863B00121E97 /* CHANGELOG.md in Sources */ = {isa = PBXBuildFile; fileRef = 6129393919CD863B00121E97 /* CHANGELOG.md */; };
		6129395D19CD863B00121E97 /* CONTRIBUTORS.md in Sources */ = {isa = PBXBuildFile; fileRef = 6129393A19CD863B00121E97 /* CONTRIBUTORS.md */; };
		6129395E19CD863B00121E97 /* LICENSE in Resources */ = {isa = PBXBuildFile; fileRef = 6129393B19CD863B00121E97 /* LICENSE */; };
		6129395F19CD863B00121E97 /* README.md in Sources */ = {isa = PBXBuildFile; fileRef = 6129393C19CD863B00121E97 /* README.md */; };
		6129396019CD863B00121E97 /* SocketIO.m in Sources */ = {isa = PBXBuildFile; fileRef = 6129393E19CD863B00121E97 /* SocketIO.m */; };
		6129396119CD863B00121E97 /* SocketIOJSONSerialization.m in Sources */ = {isa = PBXBuildFile; fileRef = 6129394019CD863B00121E97 /* SocketIOJSONSerialization.m */; };
		6129396219CD863B00121E97 /* SocketIOPacket.m in Sources */ = {isa = PBXBuildFile; fileRef = 6129394219CD863B00121E97 /* SocketIOPacket.m */; };
		6129396319CD863B00121E97 /* SocketIOTransportWebsocket.m in Sources */ = {isa = PBXBuildFile; fileRef = 6129394519CD863B00121E97 /* SocketIOTransportWebsocket.m */; };
		6129396419CD863B00121E97 /* SocketIOTransportXHR.m in Sources */ = {isa = PBXBuildFile; fileRef = 6129394719CD863B00121E97 /* SocketIOTransportXHR.m */; };
		6129397319CD866900121E97 /* SRWebSocket.m in Sources */ = {isa = PBXBuildFile; fileRef = 6129397219CD866900121E97 /* SRWebSocket.m */; };
		6129397519CDDC9A00121E97 /* SwiftyJSON.swift in Sources */ = {isa = PBXBuildFile; fileRef = 6129397419CDDC9A00121E97 /* SwiftyJSON.swift */; };
		61684A1C19CCB145009846F1 /* AppDelegate.swift in Sources */ = {isa = PBXBuildFile; fileRef = 61684A1B19CCB145009846F1 /* AppDelegate.swift */; };
		61684A1E19CCB145009846F1 /* GameScene.sks in Resources */ = {isa = PBXBuildFile; fileRef = 61684A1D19CCB145009846F1 /* GameScene.sks */; };
		61684A2019CCB145009846F1 /* GameScene.swift in Sources */ = {isa = PBXBuildFile; fileRef = 61684A1F19CCB145009846F1 /* GameScene.swift */; };
		61684A2219CCB145009846F1 /* GameViewController.swift in Sources */ = {isa = PBXBuildFile; fileRef = 61684A2119CCB145009846F1 /* GameViewController.swift */; };
		61684A2519CCB145009846F1 /* Main.storyboard in Resources */ = {isa = PBXBuildFile; fileRef = 61684A2319CCB145009846F1 /* Main.storyboard */; };
		61684A2719CCB145009846F1 /* Images.xcassets in Resources */ = {isa = PBXBuildFile; fileRef = 61684A2619CCB145009846F1 /* Images.xcassets */; };
		61684A2A19CCB145009846F1 /* LaunchScreen.xib in Resources */ = {isa = PBXBuildFile; fileRef = 61684A2819CCB145009846F1 /* LaunchScreen.xib */; };
		61684A3619CCB145009846F1 /* OnceTests.swift in Sources */ = {isa = PBXBuildFile; fileRef = 61684A3519CCB145009846F1 /* OnceTests.swift */; };
		616CAC9C19CCB9C4009202E6 /* libicucore.dylib in Frameworks */ = {isa = PBXBuildFile; fileRef = 616CAC9B19CCB9C4009202E6 /* libicucore.dylib */; };
		616CAC9E19CCB9CB009202E6 /* CFNetwork.framework in Frameworks */ = {isa = PBXBuildFile; fileRef = 616CAC9D19CCB9CB009202E6 /* CFNetwork.framework */; };
		616CACA019CCB9D5009202E6 /* Security.framework in Frameworks */ = {isa = PBXBuildFile; fileRef = 616CAC9F19CCB9D5009202E6 /* Security.framework */; };
		616CACA219CCB9DE009202E6 /* Foundation.framework in Frameworks */ = {isa = PBXBuildFile; fileRef = 616CACA119CCB9DE009202E6 /* Foundation.framework */; };
/* End PBXBuildFile section */

/* Begin PBXContainerItemProxy section */
		61684A3019CCB145009846F1 /* PBXContainerItemProxy */ = {
			isa = PBXContainerItemProxy;
			containerPortal = 61684A0E19CCB145009846F1 /* Project object */;
			proxyType = 1;
			remoteGlobalIDString = 61684A1519CCB145009846F1;
			remoteInfo = Once;
		};
/* End PBXContainerItemProxy section */

/* Begin PBXFileReference section */
		6129393519CD7C4A00121E97 /* Once-Bridging-Header.h */ = {isa = PBXFileReference; lastKnownFileType = sourcecode.c.h; path = "Once-Bridging-Header.h"; sourceTree = "<group>"; };
		6129393719CD863B00121E97 /* .gitignore */ = {isa = PBXFileReference; fileEncoding = 4; lastKnownFileType = text; path = .gitignore; sourceTree = "<group>"; };
		6129393819CD863B00121E97 /* .gitmodules */ = {isa = PBXFileReference; fileEncoding = 4; lastKnownFileType = text; path = .gitmodules; sourceTree = "<group>"; };
		6129393919CD863B00121E97 /* CHANGELOG.md */ = {isa = PBXFileReference; fileEncoding = 4; lastKnownFileType = net.daringfireball.markdown; path = CHANGELOG.md; sourceTree = "<group>"; };
		6129393A19CD863B00121E97 /* CONTRIBUTORS.md */ = {isa = PBXFileReference; fileEncoding = 4; lastKnownFileType = net.daringfireball.markdown; path = CONTRIBUTORS.md; sourceTree = "<group>"; };
		6129393B19CD863B00121E97 /* LICENSE */ = {isa = PBXFileReference; fileEncoding = 4; lastKnownFileType = text; path = LICENSE; sourceTree = "<group>"; };
		6129393C19CD863B00121E97 /* README.md */ = {isa = PBXFileReference; fileEncoding = 4; lastKnownFileType = net.daringfireball.markdown; path = README.md; sourceTree = "<group>"; };
		6129393D19CD863B00121E97 /* SocketIO.h */ = {isa = PBXFileReference; fileEncoding = 4; lastKnownFileType = sourcecode.c.h; path = SocketIO.h; sourceTree = "<group>"; };
		6129393E19CD863B00121E97 /* SocketIO.m */ = {isa = PBXFileReference; fileEncoding = 4; lastKnownFileType = sourcecode.c.objc; path = SocketIO.m; sourceTree = "<group>"; };
		6129393F19CD863B00121E97 /* SocketIOJSONSerialization.h */ = {isa = PBXFileReference; fileEncoding = 4; lastKnownFileType = sourcecode.c.h; path = SocketIOJSONSerialization.h; sourceTree = "<group>"; };
		6129394019CD863B00121E97 /* SocketIOJSONSerialization.m */ = {isa = PBXFileReference; fileEncoding = 4; lastKnownFileType = sourcecode.c.objc; path = SocketIOJSONSerialization.m; sourceTree = "<group>"; };
		6129394119CD863B00121E97 /* SocketIOPacket.h */ = {isa = PBXFileReference; fileEncoding = 4; lastKnownFileType = sourcecode.c.h; path = SocketIOPacket.h; sourceTree = "<group>"; };
		6129394219CD863B00121E97 /* SocketIOPacket.m */ = {isa = PBXFileReference; fileEncoding = 4; lastKnownFileType = sourcecode.c.objc; path = SocketIOPacket.m; sourceTree = "<group>"; };
		6129394319CD863B00121E97 /* SocketIOTransport.h */ = {isa = PBXFileReference; fileEncoding = 4; lastKnownFileType = sourcecode.c.h; path = SocketIOTransport.h; sourceTree = "<group>"; };
		6129394419CD863B00121E97 /* SocketIOTransportWebsocket.h */ = {isa = PBXFileReference; fileEncoding = 4; lastKnownFileType = sourcecode.c.h; path = SocketIOTransportWebsocket.h; sourceTree = "<group>"; };
		6129394519CD863B00121E97 /* SocketIOTransportWebsocket.m */ = {isa = PBXFileReference; fileEncoding = 4; lastKnownFileType = sourcecode.c.objc; path = SocketIOTransportWebsocket.m; sourceTree = "<group>"; };
		6129394619CD863B00121E97 /* SocketIOTransportXHR.h */ = {isa = PBXFileReference; fileEncoding = 4; lastKnownFileType = sourcecode.c.h; path = SocketIOTransportXHR.h; sourceTree = "<group>"; };
		6129394719CD863B00121E97 /* SocketIOTransportXHR.m */ = {isa = PBXFileReference; fileEncoding = 4; lastKnownFileType = sourcecode.c.objc; path = SocketIOTransportXHR.m; sourceTree = "<group>"; };
		6129397019CD866900121E97 /* SocketRocket-Prefix.pch */ = {isa = PBXFileReference; fileEncoding = 4; lastKnownFileType = sourcecode.c.h; path = "SocketRocket-Prefix.pch"; sourceTree = "<group>"; };
		6129397119CD866900121E97 /* SRWebSocket.h */ = {isa = PBXFileReference; fileEncoding = 4; lastKnownFileType = sourcecode.c.h; path = SRWebSocket.h; sourceTree = "<group>"; };
		6129397219CD866900121E97 /* SRWebSocket.m */ = {isa = PBXFileReference; fileEncoding = 4; lastKnownFileType = sourcecode.c.objc; path = SRWebSocket.m; sourceTree = "<group>"; };
		6129397419CDDC9A00121E97 /* SwiftyJSON.swift */ = {isa = PBXFileReference; fileEncoding = 4; lastKnownFileType = sourcecode.swift; path = SwiftyJSON.swift; sourceTree = "<group>"; };
		61684A1619CCB145009846F1 /* Once.app */ = {isa = PBXFileReference; explicitFileType = wrapper.application; includeInIndex = 0; path = Once.app; sourceTree = BUILT_PRODUCTS_DIR; };
		61684A1A19CCB145009846F1 /* Info.plist */ = {isa = PBXFileReference; lastKnownFileType = text.plist.xml; path = Info.plist; sourceTree = "<group>"; };
		61684A1B19CCB145009846F1 /* AppDelegate.swift */ = {isa = PBXFileReference; lastKnownFileType = sourcecode.swift; path = AppDelegate.swift; sourceTree = "<group>"; };
		61684A1D19CCB145009846F1 /* GameScene.sks */ = {isa = PBXFileReference; lastKnownFileType = file.sks; path = GameScene.sks; sourceTree = "<group>"; };
		61684A1F19CCB145009846F1 /* GameScene.swift */ = {isa = PBXFileReference; lastKnownFileType = sourcecode.swift; path = GameScene.swift; sourceTree = "<group>"; };
		61684A2119CCB145009846F1 /* GameViewController.swift */ = {isa = PBXFileReference; lastKnownFileType = sourcecode.swift; path = GameViewController.swift; sourceTree = "<group>"; };
		61684A2419CCB145009846F1 /* Base */ = {isa = PBXFileReference; lastKnownFileType = file.storyboard; name = Base; path = Base.lproj/Main.storyboard; sourceTree = "<group>"; };
		61684A2619CCB145009846F1 /* Images.xcassets */ = {isa = PBXFileReference; lastKnownFileType = folder.assetcatalog; path = Images.xcassets; sourceTree = "<group>"; };
		61684A2919CCB145009846F1 /* Base */ = {isa = PBXFileReference; lastKnownFileType = file.xib; name = Base; path = Base.lproj/LaunchScreen.xib; sourceTree = "<group>"; };
		61684A2F19CCB145009846F1 /* OnceTests.xctest */ = {isa = PBXFileReference; explicitFileType = wrapper.cfbundle; includeInIndex = 0; path = OnceTests.xctest; sourceTree = BUILT_PRODUCTS_DIR; };
		61684A3419CCB145009846F1 /* Info.plist */ = {isa = PBXFileReference; lastKnownFileType = text.plist.xml; path = Info.plist; sourceTree = "<group>"; };
		61684A3519CCB145009846F1 /* OnceTests.swift */ = {isa = PBXFileReference; lastKnownFileType = sourcecode.swift; path = OnceTests.swift; sourceTree = "<group>"; };
		616CAC9B19CCB9C4009202E6 /* libicucore.dylib */ = {isa = PBXFileReference; lastKnownFileType = "compiled.mach-o.dylib"; name = libicucore.dylib; path = usr/lib/libicucore.dylib; sourceTree = SDKROOT; };
		616CAC9D19CCB9CB009202E6 /* CFNetwork.framework */ = {isa = PBXFileReference; lastKnownFileType = wrapper.framework; name = CFNetwork.framework; path = System/Library/Frameworks/CFNetwork.framework; sourceTree = SDKROOT; };
		616CAC9F19CCB9D5009202E6 /* Security.framework */ = {isa = PBXFileReference; lastKnownFileType = wrapper.framework; name = Security.framework; path = System/Library/Frameworks/Security.framework; sourceTree = SDKROOT; };
		616CACA119CCB9DE009202E6 /* Foundation.framework */ = {isa = PBXFileReference; lastKnownFileType = wrapper.framework; name = Foundation.framework; path = System/Library/Frameworks/Foundation.framework; sourceTree = SDKROOT; };
/* End PBXFileReference section */

/* Begin PBXFrameworksBuildPhase section */
		61684A1319CCB145009846F1 /* Frameworks */ = {
			isa = PBXFrameworksBuildPhase;
			buildActionMask = 2147483647;
			files = (
				616CAC9C19CCB9C4009202E6 /* libicucore.dylib in Frameworks */,
				616CACA219CCB9DE009202E6 /* Foundation.framework in Frameworks */,
				616CACA019CCB9D5009202E6 /* Security.framework in Frameworks */,
				616CAC9E19CCB9CB009202E6 /* CFNetwork.framework in Frameworks */,
			);
			runOnlyForDeploymentPostprocessing = 0;
		};
		61684A2C19CCB145009846F1 /* Frameworks */ = {
			isa = PBXFrameworksBuildPhase;
			buildActionMask = 2147483647;
			files = (
			);
			runOnlyForDeploymentPostprocessing = 0;
		};
/* End PBXFrameworksBuildPhase section */

/* Begin PBXGroup section */
		6129393619CD863B00121E97 /* socket.IO-objc */ = {
			isa = PBXGroup;
			children = (
				6129396F19CD866900121E97 /* SocketRocket */,
				6129393719CD863B00121E97 /* .gitignore */,
				6129393819CD863B00121E97 /* .gitmodules */,
				6129393919CD863B00121E97 /* CHANGELOG.md */,
				6129393A19CD863B00121E97 /* CONTRIBUTORS.md */,
				6129393B19CD863B00121E97 /* LICENSE */,
				6129393C19CD863B00121E97 /* README.md */,
				6129393D19CD863B00121E97 /* SocketIO.h */,
				6129393E19CD863B00121E97 /* SocketIO.m */,
				6129393F19CD863B00121E97 /* SocketIOJSONSerialization.h */,
				6129394019CD863B00121E97 /* SocketIOJSONSerialization.m */,
				6129394119CD863B00121E97 /* SocketIOPacket.h */,
				6129394219CD863B00121E97 /* SocketIOPacket.m */,
				6129394319CD863B00121E97 /* SocketIOTransport.h */,
				6129394419CD863B00121E97 /* SocketIOTransportWebsocket.h */,
				6129394519CD863B00121E97 /* SocketIOTransportWebsocket.m */,
				6129394619CD863B00121E97 /* SocketIOTransportXHR.h */,
				6129394719CD863B00121E97 /* SocketIOTransportXHR.m */,
			);
			path = "socket.IO-objc";
			sourceTree = "<group>";
		};
		6129396F19CD866900121E97 /* SocketRocket */ = {
			isa = PBXGroup;
			children = (
				6129397019CD866900121E97 /* SocketRocket-Prefix.pch */,
				6129397119CD866900121E97 /* SRWebSocket.h */,
				6129397219CD866900121E97 /* SRWebSocket.m */,
			);
			path = SocketRocket;
			sourceTree = "<group>";
		};
		61684A0D19CCB145009846F1 = {
			isa = PBXGroup;
			children = (
				6129393619CD863B00121E97 /* socket.IO-objc */,
				616CAC9B19CCB9C4009202E6 /* libicucore.dylib */,
				616CAC9D19CCB9CB009202E6 /* CFNetwork.framework */,
				616CACA119CCB9DE009202E6 /* Foundation.framework */,
				616CAC9F19CCB9D5009202E6 /* Security.framework */,
				61684A1819CCB145009846F1 /* Once */,
				61684A3219CCB145009846F1 /* OnceTests */,
				61684A1719CCB145009846F1 /* Products */,
			);
			sourceTree = "<group>";
		};
		61684A1719CCB145009846F1 /* Products */ = {
			isa = PBXGroup;
			children = (
				61684A1619CCB145009846F1 /* Once.app */,
				61684A2F19CCB145009846F1 /* OnceTests.xctest */,
			);
			name = Products;
			sourceTree = "<group>";
		};
		61684A1819CCB145009846F1 /* Once */ = {
			isa = PBXGroup;
			children = (
				61684A1B19CCB145009846F1 /* AppDelegate.swift */,
				61684A1D19CCB145009846F1 /* GameScene.sks */,
				61684A1F19CCB145009846F1 /* GameScene.swift */,
				61684A2119CCB145009846F1 /* GameViewController.swift */,
				61684A2619CCB145009846F1 /* Images.xcassets */,
				61684A2819CCB145009846F1 /* LaunchScreen.xib */,
				61684A2319CCB145009846F1 /* Main.storyboard */,
				61684A1919CCB145009846F1 /* Supporting Files */,
				6129393519CD7C4A00121E97 /* Once-Bridging-Header.h */,
				6129397419CDDC9A00121E97 /* SwiftyJSON.swift */,
			);
			path = Once;
			sourceTree = "<group>";
		};
		61684A1919CCB145009846F1 /* Supporting Files */ = {
			isa = PBXGroup;
			children = (
				61684A1A19CCB145009846F1 /* Info.plist */,
			);
			name = "Supporting Files";
			sourceTree = "<group>";
		};
		61684A3219CCB145009846F1 /* OnceTests */ = {
			isa = PBXGroup;
			children = (
				61684A3519CCB145009846F1 /* OnceTests.swift */,
				61684A3319CCB145009846F1 /* Supporting Files */,
			);
			path = OnceTests;
			sourceTree = "<group>";
		};
		61684A3319CCB145009846F1 /* Supporting Files */ = {
			isa = PBXGroup;
			children = (
				61684A3419CCB145009846F1 /* Info.plist */,
			);
			name = "Supporting Files";
			sourceTree = "<group>";
		};
/* End PBXGroup section */

/* Begin PBXNativeTarget section */
		61684A1519CCB145009846F1 /* Once */ = {
			isa = PBXNativeTarget;
			buildConfigurationList = 61684A3919CCB145009846F1 /* Build configuration list for PBXNativeTarget "Once" */;
			buildPhases = (
				61684A1219CCB145009846F1 /* Sources */,
				61684A1319CCB145009846F1 /* Frameworks */,
				61684A1419CCB145009846F1 /* Resources */,
			);
			buildRules = (
			);
			dependencies = (
			);
			name = Once;
			productName = Once;
			productReference = 61684A1619CCB145009846F1 /* Once.app */;
			productType = "com.apple.product-type.application";
		};
		61684A2E19CCB145009846F1 /* OnceTests */ = {
			isa = PBXNativeTarget;
			buildConfigurationList = 61684A3C19CCB145009846F1 /* Build configuration list for PBXNativeTarget "OnceTests" */;
			buildPhases = (
				61684A2B19CCB145009846F1 /* Sources */,
				61684A2C19CCB145009846F1 /* Frameworks */,
				61684A2D19CCB145009846F1 /* Resources */,
			);
			buildRules = (
			);
			dependencies = (
				61684A3119CCB145009846F1 /* PBXTargetDependency */,
			);
			name = OnceTests;
			productName = OnceTests;
			productReference = 61684A2F19CCB145009846F1 /* OnceTests.xctest */;
			productType = "com.apple.product-type.bundle.unit-test";
		};
/* End PBXNativeTarget section */

/* Begin PBXProject section */
		61684A0E19CCB145009846F1 /* Project object */ = {
			isa = PBXProject;
			attributes = {
				LastUpgradeCheck = 0600;
				ORGANIZATIONNAME = "Jef Vlamings";
				TargetAttributes = {
					61684A1519CCB145009846F1 = {
						CreatedOnToolsVersion = 6.0.1;
					};
					61684A2E19CCB145009846F1 = {
						CreatedOnToolsVersion = 6.0.1;
						TestTargetID = 61684A1519CCB145009846F1;
					};
				};
			};
			buildConfigurationList = 61684A1119CCB145009846F1 /* Build configuration list for PBXProject "Once" */;
			compatibilityVersion = "Xcode 3.2";
			developmentRegion = English;
			hasScannedForEncodings = 0;
			knownRegions = (
				en,
				Base,
			);
			mainGroup = 61684A0D19CCB145009846F1;
			productRefGroup = 61684A1719CCB145009846F1 /* Products */;
			projectDirPath = "";
			projectRoot = "";
			targets = (
				61684A1519CCB145009846F1 /* Once */,
				61684A2E19CCB145009846F1 /* OnceTests */,
			);
		};
/* End PBXProject section */

/* Begin PBXResourcesBuildPhase section */
		61684A1419CCB145009846F1 /* Resources */ = {
			isa = PBXResourcesBuildPhase;
			buildActionMask = 2147483647;
			files = (
				6129395B19CD863B00121E97 /* .gitmodules in Resources */,
				6129395A19CD863B00121E97 /* .gitignore in Resources */,
				61684A2A19CCB145009846F1 /* LaunchScreen.xib in Resources */,
				6129395E19CD863B00121E97 /* LICENSE in Resources */,
				61684A2719CCB145009846F1 /* Images.xcassets in Resources */,
				61684A1E19CCB145009846F1 /* GameScene.sks in Resources */,
				61684A2519CCB145009846F1 /* Main.storyboard in Resources */,
			);
			runOnlyForDeploymentPostprocessing = 0;
		};
		61684A2D19CCB145009846F1 /* Resources */ = {
			isa = PBXResourcesBuildPhase;
			buildActionMask = 2147483647;
			files = (
			);
			runOnlyForDeploymentPostprocessing = 0;
		};
/* End PBXResourcesBuildPhase section */

/* Begin PBXSourcesBuildPhase section */
		61684A1219CCB145009846F1 /* Sources */ = {
			isa = PBXSourcesBuildPhase;
			buildActionMask = 2147483647;
			files = (
				6129397319CD866900121E97 /* SRWebSocket.m in Sources */,
				6129396419CD863B00121E97 /* SocketIOTransportXHR.m in Sources */,
				6129395F19CD863B00121E97 /* README.md in Sources */,
				6129395D19CD863B00121E97 /* CONTRIBUTORS.md in Sources */,
				61684A2019CCB145009846F1 /* GameScene.swift in Sources */,
				61684A2219CCB145009846F1 /* GameViewController.swift in Sources */,
				6129396019CD863B00121E97 /* SocketIO.m in Sources */,
				61684A1C19CCB145009846F1 /* AppDelegate.swift in Sources */,
				6129395C19CD863B00121E97 /* CHANGELOG.md in Sources */,
				6129396119CD863B00121E97 /* SocketIOJSONSerialization.m in Sources */,
				6129396319CD863B00121E97 /* SocketIOTransportWebsocket.m in Sources */,
				6129397519CDDC9A00121E97 /* SwiftyJSON.swift in Sources */,
				6129396219CD863B00121E97 /* SocketIOPacket.m in Sources */,
			);
			runOnlyForDeploymentPostprocessing = 0;
		};
		61684A2B19CCB145009846F1 /* Sources */ = {
			isa = PBXSourcesBuildPhase;
			buildActionMask = 2147483647;
			files = (
				61684A3619CCB145009846F1 /* OnceTests.swift in Sources */,
			);
			runOnlyForDeploymentPostprocessing = 0;
		};
/* End PBXSourcesBuildPhase section */

/* Begin PBXTargetDependency section */
		61684A3119CCB145009846F1 /* PBXTargetDependency */ = {
			isa = PBXTargetDependency;
			target = 61684A1519CCB145009846F1 /* Once */;
			targetProxy = 61684A3019CCB145009846F1 /* PBXContainerItemProxy */;
		};
/* End PBXTargetDependency section */

/* Begin PBXVariantGroup section */
		61684A2319CCB145009846F1 /* Main.storyboard */ = {
			isa = PBXVariantGroup;
			children = (
				61684A2419CCB145009846F1 /* Base */,
			);
			name = Main.storyboard;
			sourceTree = "<group>";
		};
		61684A2819CCB145009846F1 /* LaunchScreen.xib */ = {
			isa = PBXVariantGroup;
			children = (
				61684A2919CCB145009846F1 /* Base */,
			);
			name = LaunchScreen.xib;
			sourceTree = "<group>";
		};
/* End PBXVariantGroup section */

/* Begin XCBuildConfiguration section */
		61684A3719CCB145009846F1 /* Debug */ = {
			isa = XCBuildConfiguration;
			buildSettings = {
				ALWAYS_SEARCH_USER_PATHS = NO;
				CLANG_CXX_LANGUAGE_STANDARD = "gnu++0x";
				CLANG_CXX_LIBRARY = "libc++";
				CLANG_ENABLE_MODULES = YES;
				CLANG_ENABLE_OBJC_ARC = YES;
				CLANG_WARN_BOOL_CONVERSION = YES;
				CLANG_WARN_CONSTANT_CONVERSION = YES;
				CLANG_WARN_DIRECT_OBJC_ISA_USAGE = YES_ERROR;
				CLANG_WARN_EMPTY_BODY = YES;
				CLANG_WARN_ENUM_CONVERSION = YES;
				CLANG_WARN_INT_CONVERSION = YES;
				CLANG_WARN_OBJC_ROOT_CLASS = YES_ERROR;
				CLANG_WARN_UNREACHABLE_CODE = YES;
				CLANG_WARN__DUPLICATE_METHOD_MATCH = YES;
				"CODE_SIGN_IDENTITY[sdk=iphoneos*]" = "iPhone Developer";
				COPY_PHASE_STRIP = NO;
				ENABLE_STRICT_OBJC_MSGSEND = YES;
				GCC_C_LANGUAGE_STANDARD = gnu99;
				GCC_DYNAMIC_NO_PIC = NO;
				GCC_OPTIMIZATION_LEVEL = 0;
				GCC_PREPROCESSOR_DEFINITIONS = (
					"DEBUG=1",
					"$(inherited)",
				);
				GCC_SYMBOLS_PRIVATE_EXTERN = NO;
				GCC_WARN_64_TO_32_BIT_CONVERSION = YES;
				GCC_WARN_ABOUT_RETURN_TYPE = YES_ERROR;
				GCC_WARN_UNDECLARED_SELECTOR = YES;
				GCC_WARN_UNINITIALIZED_AUTOS = YES_AGGRESSIVE;
				GCC_WARN_UNUSED_FUNCTION = YES;
				GCC_WARN_UNUSED_VARIABLE = YES;
				IPHONEOS_DEPLOYMENT_TARGET = 8.0;
				MTL_ENABLE_DEBUG_INFO = YES;
				ONLY_ACTIVE_ARCH = YES;
				SDKROOT = iphoneos;
				SWIFT_OPTIMIZATION_LEVEL = "-Onone";
				TARGETED_DEVICE_FAMILY = "1,2";
			};
			name = Debug;
		};
		61684A3819CCB145009846F1 /* Release */ = {
			isa = XCBuildConfiguration;
			buildSettings = {
				ALWAYS_SEARCH_USER_PATHS = NO;
				CLANG_CXX_LANGUAGE_STANDARD = "gnu++0x";
				CLANG_CXX_LIBRARY = "libc++";
				CLANG_ENABLE_MODULES = YES;
				CLANG_ENABLE_OBJC_ARC = YES;
				CLANG_WARN_BOOL_CONVERSION = YES;
				CLANG_WARN_CONSTANT_CONVERSION = YES;
				CLANG_WARN_DIRECT_OBJC_ISA_USAGE = YES_ERROR;
				CLANG_WARN_EMPTY_BODY = YES;
				CLANG_WARN_ENUM_CONVERSION = YES;
				CLANG_WARN_INT_CONVERSION = YES;
				CLANG_WARN_OBJC_ROOT_CLASS = YES_ERROR;
				CLANG_WARN_UNREACHABLE_CODE = YES;
				CLANG_WARN__DUPLICATE_METHOD_MATCH = YES;
				"CODE_SIGN_IDENTITY[sdk=iphoneos*]" = "iPhone Developer";
				COPY_PHASE_STRIP = YES;
				ENABLE_NS_ASSERTIONS = NO;
				ENABLE_STRICT_OBJC_MSGSEND = YES;
				GCC_C_LANGUAGE_STANDARD = gnu99;
				GCC_WARN_64_TO_32_BIT_CONVERSION = YES;
				GCC_WARN_ABOUT_RETURN_TYPE = YES_ERROR;
				GCC_WARN_UNDECLARED_SELECTOR = YES;
				GCC_WARN_UNINITIALIZED_AUTOS = YES_AGGRESSIVE;
				GCC_WARN_UNUSED_FUNCTION = YES;
				GCC_WARN_UNUSED_VARIABLE = YES;
				IPHONEOS_DEPLOYMENT_TARGET = 8.0;
				MTL_ENABLE_DEBUG_INFO = NO;
				SDKROOT = iphoneos;
				TARGETED_DEVICE_FAMILY = "1,2";
				VALIDATE_PRODUCT = YES;
			};
			name = Release;
		};
		61684A3A19CCB145009846F1 /* Debug */ = {
			isa = XCBuildConfiguration;
			buildSettings = {
				ASSETCATALOG_COMPILER_APPICON_NAME = AppIcon;
				INFOPLIST_FILE = Once/Info.plist;
				LD_RUNPATH_SEARCH_PATHS = "$(inherited) @executable_path/Frameworks";
				PRODUCT_NAME = "$(TARGET_NAME)";
				SWIFT_OBJC_BRIDGING_HEADER = "Once/Once-Bridging-Header.h";
			};
			name = Debug;
		};
		61684A3B19CCB145009846F1 /* Release */ = {
			isa = XCBuildConfiguration;
			buildSettings = {
				ASSETCATALOG_COMPILER_APPICON_NAME = AppIcon;
				INFOPLIST_FILE = Once/Info.plist;
				LD_RUNPATH_SEARCH_PATHS = "$(inherited) @executable_path/Frameworks";
				PRODUCT_NAME = "$(TARGET_NAME)";
				SWIFT_OBJC_BRIDGING_HEADER = "Once/Once-Bridging-Header.h";
			};
			name = Release;
		};
		61684A3D19CCB145009846F1 /* Debug */ = {
			isa = XCBuildConfiguration;
			buildSettings = {
				BUNDLE_LOADER = "$(TEST_HOST)";
				FRAMEWORK_SEARCH_PATHS = (
					"$(SDKROOT)/Developer/Library/Frameworks",
					"$(inherited)",
				);
				GCC_PREPROCESSOR_DEFINITIONS = (
					"DEBUG=1",
					"$(inherited)",
				);
				INFOPLIST_FILE = OnceTests/Info.plist;
				LD_RUNPATH_SEARCH_PATHS = "$(inherited) @executable_path/Frameworks @loader_path/Frameworks";
				PRODUCT_NAME = "$(TARGET_NAME)";
				TEST_HOST = "$(BUILT_PRODUCTS_DIR)/Once.app/Once";
			};
			name = Debug;
		};
		61684A3E19CCB145009846F1 /* Release */ = {
			isa = XCBuildConfiguration;
			buildSettings = {
				BUNDLE_LOADER = "$(TEST_HOST)";
				FRAMEWORK_SEARCH_PATHS = (
					"$(SDKROOT)/Developer/Library/Frameworks",
					"$(inherited)",
				);
				INFOPLIST_FILE = OnceTests/Info.plist;
				LD_RUNPATH_SEARCH_PATHS = "$(inherited) @executable_path/Frameworks @loader_path/Frameworks";
				PRODUCT_NAME = "$(TARGET_NAME)";
				TEST_HOST = "$(BUILT_PRODUCTS_DIR)/Once.app/Once";
			};
			name = Release;
		};
/* End XCBuildConfiguration section */

/* Begin XCConfigurationList section */
		61684A1119CCB145009846F1 /* Build configuration list for PBXProject "Once" */ = {
			isa = XCConfigurationList;
			buildConfigurations = (
				61684A3719CCB145009846F1 /* Debug */,
				61684A3819CCB145009846F1 /* Release */,
			);
			defaultConfigurationIsVisible = 0;
			defaultConfigurationName = Release;
		};
		61684A3919CCB145009846F1 /* Build configuration list for PBXNativeTarget "Once" */ = {
			isa = XCConfigurationList;
			buildConfigurations = (
				61684A3A19CCB145009846F1 /* Debug */,
				61684A3B19CCB145009846F1 /* Release */,
			);
			defaultConfigurationIsVisible = 0;
			defaultConfigurationName = Release;
		};
		61684A3C19CCB145009846F1 /* Build configuration list for PBXNativeTarget "OnceTests" */ = {
			isa = XCConfigurationList;
			buildConfigurations = (
				61684A3D19CCB145009846F1 /* Debug */,
				61684A3E19CCB145009846F1 /* Release */,
			);
			defaultConfigurationIsVisible = 0;
			defaultConfigurationName = Release;
		};
/* End XCConfigurationList section */
	};
	rootObject = 61684A0E19CCB145009846F1 /* Project object */;
}
